# THIS IS AN AUTOGENERATED FILE. DO NOT EDIT THIS FILE DIRECTLY.
# yarn lockfile v1


three@^0.109.0:
  version "0.109.0"
  resolved "https://registry.yarnpkg.com/three/-/three-0.109.0.tgz#611c9ef860d10bd107695cead6c6abcd2422e5fd"
  integrity sha512-XT99T3Hvgh2CEvwPdHYEunNE+clLK6KiT1U8En7YOgIqTUw4MrLeIc8zxQAJ6wbP8hhJaY5+Cff3jwBPpBa0gA==
